
Microsoft Visual Studio Solution File, Format Version 12.00
# Visual Studio Version 17
VisualStudioVersion = 17.5.002.0
MinimumVisualStudioVersion = 10.0.40219.1
Project("{9A19103F-16F7-4668-BE54-9A1E7A4F7556}") = "Operators", "Operators.csproj", "{061C7C2A-7DA2-4157-9B23-8C689D099433}"
EndProject
Global
	GlobalSection(SolutionConfigurationPlatforms) = preSolution
		Debug|Any CPU = Debug|Any CPU
		Release|Any CPU = Release|Any CPU
	EndGlobalSection
	GlobalSection(ProjectConfigurationPlatforms) = postSolution
		{061C7C2A-7DA2-4157-9B23-8C689D099433}.Debug|Any CPU.ActiveCfg = Debug|Any CPU
		{061C7C2A-7DA2-4157-9B23-8C689D099433}.Debug|Any CPU.Build.0 = Debug|Any CPU
		{061C7C2A-7DA2-4157-9B23-8C689D099433}.Release|Any CPU.ActiveCfg = Release|Any CPU
		{061C7C2A-7DA2-4157-9B23-8C689D099433}.Release|Any CPU.Build.0 = Release|Any CPU
	EndGlobalSection
	GlobalSection(SolutionProperties) = preSolution
		HideSolutionNode = FALSE
	EndGlobalSection
	GlobalSection(ExtensibilityGlobals) = postSolution
		SolutionGuid = {71495392-8525-45C1-B605-5C90A83EA4E2}
	EndGlobalSection
EndGlobal
